
Microsoft Visual Studio Solution File, Format Version 12.00
# Visual Studio Version 16
VisualStudioVersion = 16.0.32929.386
MinimumVisualStudioVersion = 10.0.40219.1
Project("{FAE04EC0-301F-11D3-BF4B-00C04F79EFBC}") = "RouteFinder", "RouteFinder.csproj", "{AE8B242E-E188-4969-9932-27D7C8D26640}"
EndProject
Global
	GlobalSection(SolutionConfigurationPlatforms) = preSolution
		Debug|Any CPU = Debug|Any CPU
		Release|Any CPU = Release|Any CPU
	EndGlobalSection
	GlobalSection(ProjectConfigurationPlatforms) = postSolution
		{AE8B242E-E188-4969-9932-27D7C8D26640}.Debug|Any CPU.ActiveCfg = Debug|Any CPU
		{AE8B242E-E188-4969-9932-27D7C8D26640}.Debug|Any CPU.Build.0 = Debug|Any CPU
		{AE8B242E-E188-4969-9932-27D7C8D26640}.Release|Any CPU.ActiveCfg = Release|Any CPU
		{AE8B242E-E188-4969-9932-27D7C8D26640}.Release|Any CPU.Build.0 = Release|Any CPU
	EndGlobalSection
	GlobalSection(SolutionProperties) = preSolution
		HideSolutionNode = FALSE
	EndGlobalSection
	GlobalSection(ExtensibilityGlobals) = postSolution
		SolutionGuid = {083598FC-2877-46F3-A4FB-A6979983A10B}
	EndGlobalSection
EndGlobal
